{
    "requires": true,
    "lockfileVersion": 1,
    "dependencies": {
        "tail.select": {
            "version": "0.5.15",
            "resolved": "https://registry.npmjs.org/tail.select/-/tail.select-0.5.15.tgz",
            "integrity": "sha512-OQ3ICZfY0OJ4sVLDuH9rTG9jm3xdIUOe3NvhHYOBnCXQA67n9vmmlUi8XE+XOWyVrNHRoT6dEYHrs2to2IyauA=="
        }
    }
}
